// !$*UTF8*$!
{
	archiveVersion = 1;
	classes = {
	};
	objectVersion = 46;
	objects = {

/* Begin PBXBuildFile section */
		E54A51C41F2729D400BDBD18 /* Taha.mp3 in Resources */ = {isa = PBXBuildFile; fileRef = E54A51C31F2729D400BDBD18 /* Taha.mp3 */; };
		E54A51C51F2729D400BDBD18 /* Taha.mp3 in Resources */ = {isa = PBXBuildFile; fileRef = E54A51C31F2729D400BDBD18 /* Taha.mp3 */; };
		E5732E2B1F25EA0A0077642B /* ExampleViewController.swift in Sources */ = {isa = PBXBuildFile; fileRef = E5732E281F25EA0A0077642B /* ExampleViewController.swift */; };
		E58D2F201F273CF900C7D97F /* Beat110.mp3 in Resources */ = {isa = PBXBuildFile; fileRef = E58D2F1F1F273CF900C7D97F /* Beat110.mp3 */; };
		E58D2F211F273CF900C7D97F /* Beat110.mp3 in Resources */ = {isa = PBXBuildFile; fileRef = E58D2F1F1F273CF900C7D97F /* Beat110.mp3 */; };
		E5A0BF791F25F20B0024564C /* ExampleViewController.swift in Sources */ = {isa = PBXBuildFile; fileRef = E5732E281F25EA0A0077642B /* ExampleViewController.swift */; };
		E5B0ECFC1F238A40005D1A58 /* SoundWaveForm.h in Headers */ = {isa = PBXBuildFile; fileRef = E5B0ECFA1F238A40005D1A58 /* SoundWaveForm.h */; settings = {ATTRIBUTES = (Public, ); }; };
		E5B0ED5A1F238B6B005D1A58 /* AppDelegate.swift in Sources */ = {isa = PBXBuildFile; fileRef = E5B0ED591F238B6B005D1A58 /* AppDelegate.swift */; };
		E5B0ED5E1F238B6B005D1A58 /* Assets.xcassets in Resources */ = {isa = PBXBuildFile; fileRef = E5B0ED5D1F238B6B005D1A58 /* Assets.xcassets */; };
		E5B0ED611F238B6B005D1A58 /* Main.storyboard in Resources */ = {isa = PBXBuildFile; fileRef = E5B0ED5F1F238B6B005D1A58 /* Main.storyboard */; };
		E5B0ED6F1F238B9D005D1A58 /* SoundWaveFormTouch.h in Headers */ = {isa = PBXBuildFile; fileRef = E5B0ED6D1F238B9D005D1A58 /* SoundWaveFormTouch.h */; settings = {ATTRIBUTES = (Public, ); }; };
		E5B0ED7A1F238BB2005D1A58 /* AppDelegate.swift in Sources */ = {isa = PBXBuildFile; fileRef = E5B0ED791F238BB2005D1A58 /* AppDelegate.swift */; };
		E5B0ED7F1F238BB2005D1A58 /* Main.storyboard in Resources */ = {isa = PBXBuildFile; fileRef = E5B0ED7D1F238BB2005D1A58 /* Main.storyboard */; };
		E5B0ED811F238BB2005D1A58 /* Assets.xcassets in Resources */ = {isa = PBXBuildFile; fileRef = E5B0ED801F238BB2005D1A58 /* Assets.xcassets */; };
		E5B0ED841F238BB2005D1A58 /* LaunchScreen.storyboard in Resources */ = {isa = PBXBuildFile; fileRef = E5B0ED821F238BB2005D1A58 /* LaunchScreen.storyboard */; };
		E5B0ED8B1F238C44005D1A58 /* SamplesExtractor.swift in Sources */ = {isa = PBXBuildFile; fileRef = E5B0ED8A1F238C44005D1A58 /* SamplesExtractor.swift */; };
		E5B0ED8C1F238C44005D1A58 /* SamplesExtractor.swift in Sources */ = {isa = PBXBuildFile; fileRef = E5B0ED8A1F238C44005D1A58 /* SamplesExtractor.swift */; };
		E5B0ED8F1F239050005D1A58 /* WaveFormDrawer.swift in Sources */ = {isa = PBXBuildFile; fileRef = E5B0ED8E1F239050005D1A58 /* WaveFormDrawer.swift */; };
		E5B0ED901F239050005D1A58 /* WaveFormDrawer.swift in Sources */ = {isa = PBXBuildFile; fileRef = E5B0ED8E1F239050005D1A58 /* WaveFormDrawer.swift */; };
		E5B0ED971F239D69005D1A58 /* SoundWaveForm.framework in Frameworks */ = {isa = PBXBuildFile; fileRef = E5B0ECF71F238A40005D1A58 /* SoundWaveForm.framework */; };
		E5B0ED981F239D69005D1A58 /* SoundWaveForm.framework in Embed Frameworks */ = {isa = PBXBuildFile; fileRef = E5B0ECF71F238A40005D1A58 /* SoundWaveForm.framework */; settings = {ATTRIBUTES = (CodeSignOnCopy, RemoveHeadersOnCopy, ); }; };
		E5B0ED9C1F239D71005D1A58 /* SoundWaveFormTouch.framework in Frameworks */ = {isa = PBXBuildFile; fileRef = E5B0ED6B1F238B9D005D1A58 /* SoundWaveFormTouch.framework */; };
		E5B0ED9D1F239D71005D1A58 /* SoundWaveFormTouch.framework in Embed Frameworks */ = {isa = PBXBuildFile; fileRef = E5B0ED6B1F238B9D005D1A58 /* SoundWaveFormTouch.framework */; settings = {ATTRIBUTES = (CodeSignOnCopy, RemoveHeadersOnCopy, ); }; };
/* End PBXBuildFile section */

/* Begin PBXContainerItemProxy section */
		E5B0ED991F239D69005D1A58 /* PBXContainerItemProxy */ = {
			isa = PBXContainerItemProxy;
			containerPortal = E5B0ECEE1F238A40005D1A58 /* Project object */;
			proxyType = 1;
			remoteGlobalIDString = E5B0ECF61F238A40005D1A58;
			remoteInfo = SoundWaveForm;
		};
		E5B0ED9E1F239D71005D1A58 /* PBXContainerItemProxy */ = {
			isa = PBXContainerItemProxy;
			containerPortal = E5B0ECEE1F238A40005D1A58 /* Project object */;
			proxyType = 1;
			remoteGlobalIDString = E5B0ED6A1F238B9D005D1A58;
			remoteInfo = SoundWaveFormTouch;
		};
/* End PBXContainerItemProxy section */

/* Begin PBXCopyFilesBuildPhase section */
		E5B0ED9B1F239D69005D1A58 /* Embed Frameworks */ = {
			isa = PBXCopyFilesBuildPhase;
			buildActionMask = 2147483647;
			dstPath = "";
			dstSubfolderSpec = 10;
			files = (
				E5B0ED981F239D69005D1A58 /* SoundWaveForm.framework in Embed Frameworks */,
			);
			name = "Embed Frameworks";
			runOnlyForDeploymentPostprocessing = 0;
		};
		E5B0EDA01F239D71005D1A58 /* Embed Frameworks */ = {
			isa = PBXCopyFilesBuildPhase;
			buildActionMask = 2147483647;
			dstPath = "";
			dstSubfolderSpec = 10;
			files = (
				E5B0ED9D1F239D71005D1A58 /* SoundWaveFormTouch.framework in Embed Frameworks */,
			);
			name = "Embed Frameworks";
			runOnlyForDeploymentPostprocessing = 0;
		};
/* End PBXCopyFilesBuildPhase section */

/* Begin PBXFileReference section */
		E54A51C31F2729D400BDBD18 /* Taha.mp3 */ = {isa = PBXFileReference; lastKnownFileType = audio.mp3; path = Taha.mp3; sourceTree = "<group>"; };
		E5732E281F25EA0A0077642B /* ExampleViewController.swift */ = {isa = PBXFileReference; fileEncoding = 4; lastKnownFileType = sourcecode.swift; path = ExampleViewController.swift; sourceTree = "<group>"; };
		E58D2F1F1F273CF900C7D97F /* Beat110.mp3 */ = {isa = PBXFileReference; lastKnownFileType = audio.mp3; path = Beat110.mp3; sourceTree = "<group>"; };
		E5B0ECF71F238A40005D1A58 /* SoundWaveForm.framework */ = {isa = PBXFileReference; explicitFileType = wrapper.framework; includeInIndex = 0; path = SoundWaveForm.framework; sourceTree = BUILT_PRODUCTS_DIR; };
		E5B0ECFA1F238A40005D1A58 /* SoundWaveForm.h */ = {isa = PBXFileReference; lastKnownFileType = sourcecode.c.h; path = SoundWaveForm.h; sourceTree = "<group>"; };
		E5B0ECFB1F238A40005D1A58 /* Info.plist */ = {isa = PBXFileReference; lastKnownFileType = text.plist.xml; path = Info.plist; sourceTree = "<group>"; };
		E5B0ED571F238B6B005D1A58 /* Example_macOS.app */ = {isa = PBXFileReference; explicitFileType = wrapper.application; includeInIndex = 0; path = Example_macOS.app; sourceTree = BUILT_PRODUCTS_DIR; };
		E5B0ED591F238B6B005D1A58 /* AppDelegate.swift */ = {isa = PBXFileReference; lastKnownFileType = sourcecode.swift; path = AppDelegate.swift; sourceTree = "<group>"; };
		E5B0ED5D1F238B6B005D1A58 /* Assets.xcassets */ = {isa = PBXFileReference; lastKnownFileType = folder.assetcatalog; path = Assets.xcassets; sourceTree = "<group>"; };
		E5B0ED601F238B6B005D1A58 /* Base */ = {isa = PBXFileReference; lastKnownFileType = file.storyboard; name = Base; path = Base.lproj/Main.storyboard; sourceTree = "<group>"; };
		E5B0ED621F238B6B005D1A58 /* Info.plist */ = {isa = PBXFileReference; lastKnownFileType = text.plist.xml; path = Info.plist; sourceTree = "<group>"; };
		E5B0ED6B1F238B9D005D1A58 /* SoundWaveFormTouch.framework */ = {isa = PBXFileReference; explicitFileType = wrapper.framework; includeInIndex = 0; path = SoundWaveFormTouch.framework; sourceTree = BUILT_PRODUCTS_DIR; };
		E5B0ED6D1F238B9D005D1A58 /* SoundWaveFormTouch.h */ = {isa = PBXFileReference; lastKnownFileType = sourcecode.c.h; path = SoundWaveFormTouch.h; sourceTree = "<group>"; };
		E5B0ED6E1F238B9D005D1A58 /* Info.plist */ = {isa = PBXFileReference; lastKnownFileType = text.plist.xml; path = Info.plist; sourceTree = "<group>"; };
		E5B0ED771F238BB2005D1A58 /* Example_iOS.app */ = {isa = PBXFileReference; explicitFileType = wrapper.application; includeInIndex = 0; path = Example_iOS.app; sourceTree = BUILT_PRODUCTS_DIR; };
		E5B0ED791F238BB2005D1A58 /* AppDelegate.swift */ = {isa = PBXFileReference; lastKnownFileType = sourcecode.swift; path = AppDelegate.swift; sourceTree = "<group>"; };
		E5B0ED7E1F238BB2005D1A58 /* Base */ = {isa = PBXFileReference; lastKnownFileType = file.storyboard; name = Base; path = Base.lproj/Main.storyboard; sourceTree = "<group>"; };
		E5B0ED801F238BB2005D1A58 /* Assets.xcassets */ = {isa = PBXFileReference; lastKnownFileType = folder.assetcatalog; path = Assets.xcassets; sourceTree = "<group>"; };
		E5B0ED831F238BB2005D1A58 /* Base */ = {isa = PBXFileReference; lastKnownFileType = file.storyboard; name = Base; path = Base.lproj/LaunchScreen.storyboard; sourceTree = "<group>"; };
		E5B0ED851F238BB2005D1A58 /* Info.plist */ = {isa = PBXFileReference; lastKnownFileType = text.plist.xml; path = Info.plist; sourceTree = "<group>"; };
		E5B0ED8A1F238C44005D1A58 /* SamplesExtractor.swift */ = {isa = PBXFileReference; fileEncoding = 4; lastKnownFileType = sourcecode.swift; path = SamplesExtractor.swift; sourceTree = "<group>"; };
		E5B0ED8E1F239050005D1A58 /* WaveFormDrawer.swift */ = {isa = PBXFileReference; fileEncoding = 4; lastKnownFileType = sourcecode.swift; path = WaveFormDrawer.swift; sourceTree = "<group>"; };
/* End PBXFileReference section */

/* Begin PBXFrameworksBuildPhase section */
		E5B0ECF31F238A40005D1A58 /* Frameworks */ = {
			isa = PBXFrameworksBuildPhase;
			buildActionMask = 2147483647;
			files = (
			);
			runOnlyForDeploymentPostprocessing = 0;
		};
		E5B0ED541F238B6B005D1A58 /* Frameworks */ = {
			isa = PBXFrameworksBuildPhase;
			buildActionMask = 2147483647;
			files = (
				E5B0ED971F239D69005D1A58 /* SoundWaveForm.framework in Frameworks */,
			);
			runOnlyForDeploymentPostprocessing = 0;
		};
		E5B0ED671F238B9D005D1A58 /* Frameworks */ = {
			isa = PBXFrameworksBuildPhase;
			buildActionMask = 2147483647;
			files = (
			);
			runOnlyForDeploymentPostprocessing = 0;
		};
		E5B0ED741F238BB2005D1A58 /* Frameworks */ = {
			isa = PBXFrameworksBuildPhase;
			buildActionMask = 2147483647;
			files = (
				E5B0ED9C1F239D71005D1A58 /* SoundWaveFormTouch.framework in Frameworks */,
			);
			runOnlyForDeploymentPostprocessing = 0;
		};
/* End PBXFrameworksBuildPhase section */

/* Begin PBXGroup section */
		E5732E261F25EA0A0077642B /* Shared */ = {
			isa = PBXGroup;
			children = (
				E58D2F1F1F273CF900C7D97F /* Beat110.mp3 */,
				E54A51C31F2729D400BDBD18 /* Taha.mp3 */,
				E5732E281F25EA0A0077642B /* ExampleViewController.swift */,
			);
			path = Shared;
			sourceTree = "<group>";
		};
		E5B0ECED1F238A40005D1A58 = {
			isa = PBXGroup;
			children = (
				E5732E261F25EA0A0077642B /* Shared */,
				E5B0ED891F238C24005D1A58 /* Sources */,
				E5B0ECF91F238A40005D1A58 /* SoundWaveForm */,
				E5B0ED6C1F238B9D005D1A58 /* SoundWaveFormTouch */,
				E5B0ED581F238B6B005D1A58 /* Example_macOS */,
				E5B0ED781F238BB2005D1A58 /* Example_iOS */,
				E5B0ECF81F238A40005D1A58 /* Products */,
			);
			sourceTree = "<group>";
		};
		E5B0ECF81F238A40005D1A58 /* Products */ = {
			isa = PBXGroup;
			children = (
				E5B0ECF71F238A40005D1A58 /* SoundWaveForm.framework */,
				E5B0ED571F238B6B005D1A58 /* Example_macOS.app */,
				E5B0ED6B1F238B9D005D1A58 /* SoundWaveFormTouch.framework */,
				E5B0ED771F238BB2005D1A58 /* Example_iOS.app */,
			);
			name = Products;
			sourceTree = "<group>";
		};
		E5B0ECF91F238A40005D1A58 /* SoundWaveForm */ = {
			isa = PBXGroup;
			children = (
				E5B0ECFA1F238A40005D1A58 /* SoundWaveForm.h */,
				E5B0ECFB1F238A40005D1A58 /* Info.plist */,
			);
			path = SoundWaveForm;
			sourceTree = "<group>";
		};
		E5B0ED581F238B6B005D1A58 /* Example_macOS */ = {
			isa = PBXGroup;
			children = (
				E5B0ED591F238B6B005D1A58 /* AppDelegate.swift */,
				E5B0ED5D1F238B6B005D1A58 /* Assets.xcassets */,
				E5B0ED5F1F238B6B005D1A58 /* Main.storyboard */,
				E5B0ED621F238B6B005D1A58 /* Info.plist */,
			);
			path = Example_macOS;
			sourceTree = "<group>";
		};
		E5B0ED6C1F238B9D005D1A58 /* SoundWaveFormTouch */ = {
			isa = PBXGroup;
			children = (
				E5B0ED6D1F238B9D005D1A58 /* SoundWaveFormTouch.h */,
				E5B0ED6E1F238B9D005D1A58 /* Info.plist */,
			);
			path = SoundWaveFormTouch;
			sourceTree = SOURCE_ROOT;
		};
		E5B0ED781F238BB2005D1A58 /* Example_iOS */ = {
			isa = PBXGroup;
			children = (
				E5B0ED791F238BB2005D1A58 /* AppDelegate.swift */,
				E5B0ED7D1F238BB2005D1A58 /* Main.storyboard */,
				E5B0ED801F238BB2005D1A58 /* Assets.xcassets */,
				E5B0ED821F238BB2005D1A58 /* LaunchScreen.storyboard */,
				E5B0ED851F238BB2005D1A58 /* Info.plist */,
			);
			path = Example_iOS;
			sourceTree = "<group>";
		};
		E5B0ED891F238C24005D1A58 /* Sources */ = {
			isa = PBXGroup;
			children = (
				E5B0ED8A1F238C44005D1A58 /* SamplesExtractor.swift */,
				E5B0ED8E1F239050005D1A58 /* WaveFormDrawer.swift */,
			);
			path = Sources;
			sourceTree = "<group>";
		};
/* End PBXGroup section */

/* Begin PBXHeadersBuildPhase section */
		E5B0ECF41F238A40005D1A58 /* Headers */ = {
			isa = PBXHeadersBuildPhase;
			buildActionMask = 2147483647;
			files = (
				E5B0ECFC1F238A40005D1A58 /* SoundWaveForm.h in Headers */,
			);
			runOnlyForDeploymentPostprocessing = 0;
		};
		E5B0ED681F238B9D005D1A58 /* Headers */ = {
			isa = PBXHeadersBuildPhase;
			buildActionMask = 2147483647;
			files = (
				E5B0ED6F1F238B9D005D1A58 /* SoundWaveFormTouch.h in Headers */,
			);
			runOnlyForDeploymentPostprocessing = 0;
		};
/* End PBXHeadersBuildPhase section */

/* Begin PBXNativeTarget section */
		E5B0ECF61F238A40005D1A58 /* SoundWaveForm */ = {
			isa = PBXNativeTarget;
			buildConfigurationList = E5B0ECFF1F238A40005D1A58 /* Build configuration list for PBXNativeTarget "SoundWaveForm" */;
			buildPhases = (
				E5B0ECF21F238A40005D1A58 /* Sources */,
				E5B0ECF31F238A40005D1A58 /* Frameworks */,
				E5B0ECF41F238A40005D1A58 /* Headers */,
				E5B0ECF51F238A40005D1A58 /* Resources */,
			);
			buildRules = (
			);
			dependencies = (
			);
			name = SoundWaveForm;
			productName = SoundWaveForm;
			productReference = E5B0ECF71F238A40005D1A58 /* SoundWaveForm.framework */;
			productType = "com.apple.product-type.framework";
		};
		E5B0ED561F238B6B005D1A58 /* Example_macOS */ = {
			isa = PBXNativeTarget;
			buildConfigurationList = E5B0ED631F238B6B005D1A58 /* Build configuration list for PBXNativeTarget "Example_macOS" */;
			buildPhases = (
				E5B0ED531F238B6B005D1A58 /* Sources */,
				E5B0ED541F238B6B005D1A58 /* Frameworks */,
				E5B0ED551F238B6B005D1A58 /* Resources */,
				E5B0ED9B1F239D69005D1A58 /* Embed Frameworks */,
			);
			buildRules = (
			);
			dependencies = (
				E5B0ED9A1F239D69005D1A58 /* PBXTargetDependency */,
			);
			name = Example_macOS;
			productName = Example_macOS;
			productReference = E5B0ED571F238B6B005D1A58 /* Example_macOS.app */;
			productType = "com.apple.product-type.application";
		};
		E5B0ED6A1F238B9D005D1A58 /* SoundWaveFormTouch */ = {
			isa = PBXNativeTarget;
			buildConfigurationList = E5B0ED701F238B9D005D1A58 /* Build configuration list for PBXNativeTarget "SoundWaveFormTouch" */;
			buildPhases = (
				E5B0ED661F238B9D005D1A58 /* Sources */,
				E5B0ED671F238B9D005D1A58 /* Frameworks */,
				E5B0ED681F238B9D005D1A58 /* Headers */,
				E5B0ED691F238B9D005D1A58 /* Resources */,
			);
			buildRules = (
			);
			dependencies = (
			);
			name = SoundWaveFormTouch;
			productName = SoundWaveFormTouch;
			productReference = E5B0ED6B1F238B9D005D1A58 /* SoundWaveFormTouch.framework */;
			productType = "com.apple.product-type.framework";
		};
		E5B0ED761F238BB2005D1A58 /* Example_iOS */ = {
			isa = PBXNativeTarget;
			buildConfigurationList = E5B0ED861F238BB2005D1A58 /* Build configuration list for PBXNativeTarget "Example_iOS" */;
			buildPhases = (
				E5B0ED731F238BB2005D1A58 /* Sources */,
				E5B0ED741F238BB2005D1A58 /* Frameworks */,
				E5B0ED751F238BB2005D1A58 /* Resources */,
				E5B0EDA01F239D71005D1A58 /* Embed Frameworks */,
			);
			buildRules = (
			);
			dependencies = (
				E5B0ED9F1F239D71005D1A58 /* PBXTargetDependency */,
			);
			name = Example_iOS;
			productName = Example_iOS;
			productReference = E5B0ED771F238BB2005D1A58 /* Example_iOS.app */;
			productType = "com.apple.product-type.application";
		};
/* End PBXNativeTarget section */

/* Begin PBXProject section */
		E5B0ECEE1F238A40005D1A58 /* Project object */ = {
			isa = PBXProject;
			attributes = {
				LastSwiftUpdateCheck = 0830;
				LastUpgradeCheck = 0920;
				ORGANIZATIONNAME = "Pereira da Silva";
				TargetAttributes = {
					E5B0ECF61F238A40005D1A58 = {
						CreatedOnToolsVersion = 8.3.3;
						LastSwiftMigration = 0830;
						ProvisioningStyle = Automatic;
					};
					E5B0ED561F238B6B005D1A58 = {
						CreatedOnToolsVersion = 8.3.3;
						DevelopmentTeam = LX7WHQV846;
						ProvisioningStyle = Automatic;
					};
					E5B0ED6A1F238B9D005D1A58 = {
						CreatedOnToolsVersion = 8.3.3;
						LastSwiftMigration = 0830;
						ProvisioningStyle = Automatic;
					};
					E5B0ED761F238BB2005D1A58 = {
						CreatedOnToolsVersion = 8.3.3;
						DevelopmentTeam = LX7WHQV846;
						ProvisioningStyle = Automatic;
					};
				};
			};
			buildConfigurationList = E5B0ECF11F238A40005D1A58 /* Build configuration list for PBXProject "SoundWaveForm" */;
			compatibilityVersion = "Xcode 3.2";
			developmentRegion = English;
			hasScannedForEncodings = 0;
			knownRegions = (
				en,
				Base,
			);
			mainGroup = E5B0ECED1F238A40005D1A58;
			productRefGroup = E5B0ECF81F238A40005D1A58 /* Products */;
			projectDirPath = "";
			projectRoot = "";
			targets = (
				E5B0ECF61F238A40005D1A58 /* SoundWaveForm */,
				E5B0ED561F238B6B005D1A58 /* Example_macOS */,
				E5B0ED6A1F238B9D005D1A58 /* SoundWaveFormTouch */,
				E5B0ED761F238BB2005D1A58 /* Example_iOS */,
			);
		};
/* End PBXProject section */

/* Begin PBXResourcesBuildPhase section */
		E5B0ECF51F238A40005D1A58 /* Resources */ = {
			isa = PBXResourcesBuildPhase;
			buildActionMask = 2147483647;
			files = (
			);
			runOnlyForDeploymentPostprocessing = 0;
		};
		E5B0ED551F238B6B005D1A58 /* Resources */ = {
			isa = PBXResourcesBuildPhase;
			buildActionMask = 2147483647;
			files = (
				E54A51C41F2729D400BDBD18 /* Taha.mp3 in Resources */,
				E5B0ED5E1F238B6B005D1A58 /* Assets.xcassets in Resources */,
				E5B0ED611F238B6B005D1A58 /* Main.storyboard in Resources */,
				E58D2F201F273CF900C7D97F /* Beat110.mp3 in Resources */,
			);
			runOnlyForDeploymentPostprocessing = 0;
		};
		E5B0ED691F238B9D005D1A58 /* Resources */ = {
			isa = PBXResourcesBuildPhase;
			buildActionMask = 2147483647;
			files = (
			);
			runOnlyForDeploymentPostprocessing = 0;
		};
		E5B0ED751F238BB2005D1A58 /* Resources */ = {
			isa = PBXResourcesBuildPhase;
			buildActionMask = 2147483647;
			files = (
				E58D2F211F273CF900C7D97F /* Beat110.mp3 in Resources */,
				E54A51C51F2729D400BDBD18 /* Taha.mp3 in Resources */,
				E5B0ED841F238BB2005D1A58 /* LaunchScreen.storyboard in Resources */,
				E5B0ED811F238BB2005D1A58 /* Assets.xcassets in Resources */,
				E5B0ED7F1F238BB2005D1A58 /* Main.storyboard in Resources */,
			);
			runOnlyForDeploymentPostprocessing = 0;
		};
/* End PBXResourcesBuildPhase section */

/* Begin PBXSourcesBuildPhase section */
		E5B0ECF21F238A40005D1A58 /* Sources */ = {
			isa = PBXSourcesBuildPhase;
			buildActionMask = 2147483647;
			files = (
				E5B0ED8F1F239050005D1A58 /* WaveFormDrawer.swift in Sources */,
				E5B0ED8B1F238C44005D1A58 /* SamplesExtractor.swift in Sources */,
			);
			runOnlyForDeploymentPostprocessing = 0;
		};
		E5B0ED531F238B6B005D1A58 /* Sources */ = {
			isa = PBXSourcesBuildPhase;
			buildActionMask = 2147483647;
			files = (
				E5B0ED5A1F238B6B005D1A58 /* AppDelegate.swift in Sources */,
				E5732E2B1F25EA0A0077642B /* ExampleViewController.swift in Sources */,
			);
			runOnlyForDeploymentPostprocessing = 0;
		};
		E5B0ED661F238B9D005D1A58 /* Sources */ = {
			isa = PBXSourcesBuildPhase;
			buildActionMask = 2147483647;
			files = (
				E5B0ED901F239050005D1A58 /* WaveFormDrawer.swift in Sources */,
				E5B0ED8C1F238C44005D1A58 /* SamplesExtractor.swift in Sources */,
			);
			runOnlyForDeploymentPostprocessing = 0;
		};
		E5B0ED731F238BB2005D1A58 /* Sources */ = {
			isa = PBXSourcesBuildPhase;
			buildActionMask = 2147483647;
			files = (
				E5B0ED7A1F238BB2005D1A58 /* AppDelegate.swift in Sources */,
				E5A0BF791F25F20B0024564C /* ExampleViewController.swift in Sources */,
			);
			runOnlyForDeploymentPostprocessing = 0;
		};
/* End PBXSourcesBuildPhase section */

/* Begin PBXTargetDependency section */
		E5B0ED9A1F239D69005D1A58 /* PBXTargetDependency */ = {
			isa = PBXTargetDependency;
			target = E5B0ECF61F238A40005D1A58 /* SoundWaveForm */;
			targetProxy = E5B0ED991F239D69005D1A58 /* PBXContainerItemProxy */;
		};
		E5B0ED9F1F239D71005D1A58 /* PBXTargetDependency */ = {
			isa = PBXTargetDependency;
			target = E5B0ED6A1F238B9D005D1A58 /* SoundWaveFormTouch */;
			targetProxy = E5B0ED9E1F239D71005D1A58 /* PBXContainerItemProxy */;
		};
/* End PBXTargetDependency section */

/* Begin PBXVariantGroup section */
		E5B0ED5F1F238B6B005D1A58 /* Main.storyboard */ = {
			isa = PBXVariantGroup;
			children = (
				E5B0ED601F238B6B005D1A58 /* Base */,
			);
			name = Main.storyboard;
			sourceTree = "<group>";
		};
		E5B0ED7D1F238BB2005D1A58 /* Main.storyboard */ = {
			isa = PBXVariantGroup;
			children = (
				E5B0ED7E1F238BB2005D1A58 /* Base */,
			);
			name = Main.storyboard;
			sourceTree = "<group>";
		};
		E5B0ED821F238BB2005D1A58 /* LaunchScreen.storyboard */ = {
			isa = PBXVariantGroup;
			children = (
				E5B0ED831F238BB2005D1A58 /* Base */,
			);
			name = LaunchScreen.storyboard;
			sourceTree = "<group>";
		};
/* End PBXVariantGroup section */

/* Begin XCBuildConfiguration section */
		E5B0ECFD1F238A40005D1A58 /* Debug */ = {
			isa = XCBuildConfiguration;
			buildSettings = {
				ALWAYS_SEARCH_USER_PATHS = NO;
				CLANG_ANALYZER_NONNULL = YES;
				CLANG_ANALYZER_NUMBER_OBJECT_CONVERSION = YES_AGGRESSIVE;
				CLANG_CXX_LANGUAGE_STANDARD = "gnu++0x";
				CLANG_CXX_LIBRARY = "libc++";
				CLANG_ENABLE_MODULES = YES;
				CLANG_ENABLE_OBJC_ARC = YES;
				CLANG_WARN_BLOCK_CAPTURE_AUTORELEASING = YES;
				CLANG_WARN_BOOL_CONVERSION = YES;
				CLANG_WARN_COMMA = YES;
				CLANG_WARN_CONSTANT_CONVERSION = YES;
				CLANG_WARN_DIRECT_OBJC_ISA_USAGE = YES_ERROR;
				CLANG_WARN_DOCUMENTATION_COMMENTS = YES;
				CLANG_WARN_EMPTY_BODY = YES;
				CLANG_WARN_ENUM_CONVERSION = YES;
				CLANG_WARN_INFINITE_RECURSION = YES;
				CLANG_WARN_INT_CONVERSION = YES;
				CLANG_WARN_NON_LITERAL_NULL_CONVERSION = YES;
				CLANG_WARN_OBJC_LITERAL_CONVERSION = YES;
				CLANG_WARN_OBJC_ROOT_CLASS = YES_ERROR;
				CLANG_WARN_RANGE_LOOP_ANALYSIS = YES;
				CLANG_WARN_STRICT_PROTOTYPES = YES;
				CLANG_WARN_SUSPICIOUS_MOVE = YES;
				CLANG_WARN_UNREACHABLE_CODE = YES;
				CLANG_WARN__DUPLICATE_METHOD_MATCH = YES;
				CODE_SIGN_IDENTITY = "-";
				COPY_PHASE_STRIP = NO;
				CURRENT_PROJECT_VERSION = 1;
				DEBUG_INFORMATION_FORMAT = dwarf;
				ENABLE_STRICT_OBJC_MSGSEND = YES;
				ENABLE_TESTABILITY = YES;
				GCC_C_LANGUAGE_STANDARD = gnu99;
				GCC_DYNAMIC_NO_PIC = NO;
				GCC_NO_COMMON_BLOCKS = YES;
				GCC_OPTIMIZATION_LEVEL = 0;
				GCC_PREPROCESSOR_DEFINITIONS = (
					"DEBUG=1",
					"$(inherited)",
				);
				GCC_WARN_64_TO_32_BIT_CONVERSION = YES;
				GCC_WARN_ABOUT_RETURN_TYPE = YES_ERROR;
				GCC_WARN_UNDECLARED_SELECTOR = YES;
				GCC_WARN_UNINITIALIZED_AUTOS = YES_AGGRESSIVE;
				GCC_WARN_UNUSED_FUNCTION = YES;
				GCC_WARN_UNUSED_VARIABLE = YES;
				MACOSX_DEPLOYMENT_TARGET = 10.12;
				MTL_ENABLE_DEBUG_INFO = YES;
				ONLY_ACTIVE_ARCH = YES;
				SDKROOT = macosx;
				SWIFT_ACTIVE_COMPILATION_CONDITIONS = DEBUG;
				SWIFT_OPTIMIZATION_LEVEL = "-Onone";
				VERSIONING_SYSTEM = "apple-generic";
				VERSION_INFO_PREFIX = "";
			};
			name = Debug;
		};
		E5B0ECFE1F238A40005D1A58 /* Release */ = {
			isa = XCBuildConfiguration;
			buildSettings = {
				ALWAYS_SEARCH_USER_PATHS = NO;
				CLANG_ANALYZER_NONNULL = YES;
				CLANG_ANALYZER_NUMBER_OBJECT_CONVERSION = YES_AGGRESSIVE;
				CLANG_CXX_LANGUAGE_STANDARD = "gnu++0x";
				CLANG_CXX_LIBRARY = "libc++";
				CLANG_ENABLE_MODULES = YES;
				CLANG_ENABLE_OBJC_ARC = YES;
				CLANG_WARN_BLOCK_CAPTURE_AUTORELEASING = YES;
				CLANG_WARN_BOOL_CONVERSION = YES;
				CLANG_WARN_COMMA = YES;
				CLANG_WARN_CONSTANT_CONVERSION = YES;
				CLANG_WARN_DIRECT_OBJC_ISA_USAGE = YES_ERROR;
				CLANG_WARN_DOCUMENTATION_COMMENTS = YES;
				CLANG_WARN_EMPTY_BODY = YES;
				CLANG_WARN_ENUM_CONVERSION = YES;
				CLANG_WARN_INFINITE_RECURSION = YES;
				CLANG_WARN_INT_CONVERSION = YES;
				CLANG_WARN_NON_LITERAL_NULL_CONVERSION = YES;
				CLANG_WARN_OBJC_LITERAL_CONVERSION = YES;
				CLANG_WARN_OBJC_ROOT_CLASS = YES_ERROR;
				CLANG_WARN_RANGE_LOOP_ANALYSIS = YES;
				CLANG_WARN_STRICT_PROTOTYPES = YES;
				CLANG_WARN_SUSPICIOUS_MOVE = YES;
				CLANG_WARN_UNREACHABLE_CODE = YES;
				CLANG_WARN__DUPLICATE_METHOD_MATCH = YES;
				CODE_SIGN_IDENTITY = "-";
				COPY_PHASE_STRIP = NO;
				CURRENT_PROJECT_VERSION = 1;
				DEBUG_INFORMATION_FORMAT = "dwarf-with-dsym";
				ENABLE_NS_ASSERTIONS = NO;
				ENABLE_STRICT_OBJC_MSGSEND = YES;
				GCC_C_LANGUAGE_STANDARD = gnu99;
				GCC_NO_COMMON_BLOCKS = YES;
				GCC_WARN_64_TO_32_BIT_CONVERSION = YES;
				GCC_WARN_ABOUT_RETURN_TYPE = YES_ERROR;
				GCC_WARN_UNDECLARED_SELECTOR = YES;
				GCC_WARN_UNINITIALIZED_AUTOS = YES_AGGRESSIVE;
				GCC_WARN_UNUSED_FUNCTION = YES;
				GCC_WARN_UNUSED_VARIABLE = YES;
				MACOSX_DEPLOYMENT_TARGET = 10.12;
				MTL_ENABLE_DEBUG_INFO = NO;
				SDKROOT = macosx;
				SWIFT_OPTIMIZATION_LEVEL = "-Owholemodule";
				VERSIONING_SYSTEM = "apple-generic";
				VERSION_INFO_PREFIX = "";
			};
			name = Release;
		};
		E5B0ED001F238A40005D1A58 /* Debug */ = {
			isa = XCBuildConfiguration;
			buildSettings = {
				CLANG_ENABLE_MODULES = YES;
				CODE_SIGN_IDENTITY = "";
				COMBINE_HIDPI_IMAGES = YES;
				DEFINES_MODULE = YES;
				DEVELOPMENT_TEAM = "";
				DYLIB_COMPATIBILITY_VERSION = 1;
				DYLIB_CURRENT_VERSION = 1;
				DYLIB_INSTALL_NAME_BASE = "@rpath";
				FRAMEWORK_VERSION = A;
				INFOPLIST_FILE = SoundWaveForm/Info.plist;
				INSTALL_PATH = "$(LOCAL_LIBRARY_DIR)/Frameworks";
				LD_RUNPATH_SEARCH_PATHS = "$(inherited) @executable_path/../Frameworks @loader_path/Frameworks";
				MACOSX_DEPLOYMENT_TARGET = 10.11;
				PRODUCT_BUNDLE_IDENTIFIER = "com.pereira-da-silva.SoundWaveForm";
				PRODUCT_NAME = "$(TARGET_NAME)";
				SKIP_INSTALL = YES;
				SWIFT_OPTIMIZATION_LEVEL = "-Onone";
				SWIFT_VERSION = 3.0;
			};
			name = Debug;
		};
		E5B0ED011F238A40005D1A58 /* Release */ = {
			isa = XCBuildConfiguration;
			buildSettings = {
				CLANG_ENABLE_MODULES = YES;
				CODE_SIGN_IDENTITY = "";
				COMBINE_HIDPI_IMAGES = YES;
				DEFINES_MODULE = YES;
				DEVELOPMENT_TEAM = "";
				DYLIB_COMPATIBILITY_VERSION = 1;
				DYLIB_CURRENT_VERSION = 1;
				DYLIB_INSTALL_NAME_BASE = "@rpath";
				FRAMEWORK_VERSION = A;
				INFOPLIST_FILE = SoundWaveForm/Info.plist;
				INSTALL_PATH = "$(LOCAL_LIBRARY_DIR)/Frameworks";
				LD_RUNPATH_SEARCH_PATHS = "$(inherited) @executable_path/../Frameworks @loader_path/Frameworks";
				MACOSX_DEPLOYMENT_TARGET = 10.11;
				PRODUCT_BUNDLE_IDENTIFIER = "com.pereira-da-silva.SoundWaveForm";
				PRODUCT_NAME = "$(TARGET_NAME)";
				SKIP_INSTALL = YES;
				SWIFT_VERSION = 3.0;
			};
			name = Release;
		};
		E5B0ED641F238B6B005D1A58 /* Debug */ = {
			isa = XCBuildConfiguration;
			buildSettings = {
				ALWAYS_EMBED_SWIFT_STANDARD_LIBRARIES = YES;
				ASSETCATALOG_COMPILER_APPICON_NAME = AppIcon;
				CODE_SIGN_IDENTITY = "Mac Developer";
				CODE_SIGN_STYLE = Automatic;
				COMBINE_HIDPI_IMAGES = YES;
				DEVELOPMENT_TEAM = LX7WHQV846;
				INFOPLIST_FILE = Example_macOS/Info.plist;
				LD_RUNPATH_SEARCH_PATHS = "$(inherited) @executable_path/../Frameworks";
				MACOSX_DEPLOYMENT_TARGET = 10.11;
				PRODUCT_BUNDLE_IDENTIFIER = "com.pereira-da-silva.Example-macOS";
				PRODUCT_NAME = "$(TARGET_NAME)";
				PROVISIONING_PROFILE_SPECIFIER = "";
				SWIFT_VERSION = 3.0;
			};
			name = Debug;
		};
		E5B0ED651F238B6B005D1A58 /* Release */ = {
			isa = XCBuildConfiguration;
			buildSettings = {
				ALWAYS_EMBED_SWIFT_STANDARD_LIBRARIES = YES;
				ASSETCATALOG_COMPILER_APPICON_NAME = AppIcon;
				CODE_SIGN_IDENTITY = "Mac Developer";
				CODE_SIGN_STYLE = Automatic;
				COMBINE_HIDPI_IMAGES = YES;
				DEVELOPMENT_TEAM = LX7WHQV846;
				INFOPLIST_FILE = Example_macOS/Info.plist;
				LD_RUNPATH_SEARCH_PATHS = "$(inherited) @executable_path/../Frameworks";
				MACOSX_DEPLOYMENT_TARGET = 10.11;
				PRODUCT_BUNDLE_IDENTIFIER = "com.pereira-da-silva.Example-macOS";
				PRODUCT_NAME = "$(TARGET_NAME)";
				PROVISIONING_PROFILE_SPECIFIER = "";
				SWIFT_VERSION = 3.0;
			};
			name = Release;
		};
		E5B0ED711F238B9D005D1A58 /* Debug */ = {
			isa = XCBuildConfiguration;
			buildSettings = {
				CLANG_ENABLE_MODULES = YES;
				CODE_SIGN_IDENTITY = "";
				"CODE_SIGN_IDENTITY[sdk=iphoneos*]" = "";
				DEFINES_MODULE = YES;
				DEVELOPMENT_TEAM = "";
				DYLIB_COMPATIBILITY_VERSION = 1;
				DYLIB_CURRENT_VERSION = 1;
				DYLIB_INSTALL_NAME_BASE = "@rpath";
				INFOPLIST_FILE = SoundWaveFormTouch/Info.plist;
				INSTALL_PATH = "$(LOCAL_LIBRARY_DIR)/Frameworks";
				IPHONEOS_DEPLOYMENT_TARGET = 8.0;
				LD_RUNPATH_SEARCH_PATHS = "$(inherited) @executable_path/Frameworks @loader_path/Frameworks";
				PRODUCT_BUNDLE_IDENTIFIER = "com.pereira-da-silva.SoundWaveFormTouch";
				PRODUCT_NAME = "$(TARGET_NAME)";
				SDKROOT = iphoneos;
				SKIP_INSTALL = YES;
				SWIFT_OPTIMIZATION_LEVEL = "-Onone";
				SWIFT_VERSION = 3.0;
				TARGETED_DEVICE_FAMILY = "1,2";
			};
			name = Debug;
		};
		E5B0ED721F238B9D005D1A58 /* Release */ = {
			isa = XCBuildConfiguration;
			buildSettings = {
				CLANG_ENABLE_MODULES = YES;
				CODE_SIGN_IDENTITY = "";
				"CODE_SIGN_IDENTITY[sdk=iphoneos*]" = "";
				DEFINES_MODULE = YES;
				DEVELOPMENT_TEAM = "";
				DYLIB_COMPATIBILITY_VERSION = 1;
				DYLIB_CURRENT_VERSION = 1;
				DYLIB_INSTALL_NAME_BASE = "@rpath";
				INFOPLIST_FILE = SoundWaveFormTouch/Info.plist;
				INSTALL_PATH = "$(LOCAL_LIBRARY_DIR)/Frameworks";
				IPHONEOS_DEPLOYMENT_TARGET = 8.0;
				LD_RUNPATH_SEARCH_PATHS = "$(inherited) @executable_path/Frameworks @loader_path/Frameworks";
				PRODUCT_BUNDLE_IDENTIFIER = "com.pereira-da-silva.SoundWaveFormTouch";
				PRODUCT_NAME = "$(TARGET_NAME)";
				SDKROOT = iphoneos;
				SKIP_INSTALL = YES;
				SWIFT_VERSION = 3.0;
				TARGETED_DEVICE_FAMILY = "1,2";
				VALIDATE_PRODUCT = YES;
			};
			name = Release;
		};
		E5B0ED871F238BB2005D1A58 /* Debug */ = {
			isa = XCBuildConfiguration;
			buildSettings = {
				ALWAYS_EMBED_SWIFT_STANDARD_LIBRARIES = YES;
				ASSETCATALOG_COMPILER_APPICON_NAME = AppIcon;
				"CODE_SIGN_IDENTITY[sdk=iphoneos*]" = "iPhone Developer";
				DEVELOPMENT_TEAM = LX7WHQV846;
				INFOPLIST_FILE = Example_iOS/Info.plist;
				IPHONEOS_DEPLOYMENT_TARGET = 8.0;
				LD_RUNPATH_SEARCH_PATHS = "$(inherited) @executable_path/Frameworks";
				PRODUCT_BUNDLE_IDENTIFIER = "com.pereira-da-silva.Example-iOS";
				PRODUCT_NAME = "$(TARGET_NAME)";
				SDKROOT = iphoneos;
				SWIFT_VERSION = 3.0;
				TARGETED_DEVICE_FAMILY = "1,2";
			};
			name = Debug;
		};
		E5B0ED881F238BB2005D1A58 /* Release */ = {
			isa = XCBuildConfiguration;
			buildSettings = {
				ALWAYS_EMBED_SWIFT_STANDARD_LIBRARIES = YES;
				ASSETCATALOG_COMPILER_APPICON_NAME = AppIcon;
				"CODE_SIGN_IDENTITY[sdk=iphoneos*]" = "iPhone Developer";
				DEVELOPMENT_TEAM = LX7WHQV846;
				INFOPLIST_FILE = Example_iOS/Info.plist;
				IPHONEOS_DEPLOYMENT_TARGET = 8.0;
				LD_RUNPATH_SEARCH_PATHS = "$(inherited) @executable_path/Frameworks";
				PRODUCT_BUNDLE_IDENTIFIER = "com.pereira-da-silva.Example-iOS";
				PRODUCT_NAME = "$(TARGET_NAME)";
				SDKROOT = iphoneos;
				SWIFT_VERSION = 3.0;
				TARGETED_DEVICE_FAMILY = "1,2";
				VALIDATE_PRODUCT = YES;
			};
			name = Release;
		};
/* End XCBuildConfiguration section */

/* Begin XCConfigurationList section */
		E5B0ECF11F238A40005D1A58 /* Build configuration list for PBXProject "SoundWaveForm" */ = {
			isa = XCConfigurationList;
			buildConfigurations = (
				E5B0ECFD1F238A40005D1A58 /* Debug */,
				E5B0ECFE1F238A40005D1A58 /* Release */,
			);
			defaultConfigurationIsVisible = 0;
			defaultConfigurationName = Release;
		};
		E5B0ECFF1F238A40005D1A58 /* Build configuration list for PBXNativeTarget "SoundWaveForm" */ = {
			isa = XCConfigurationList;
			buildConfigurations = (
				E5B0ED001F238A40005D1A58 /* Debug */,
				E5B0ED011F238A40005D1A58 /* Release */,
			);
			defaultConfigurationIsVisible = 0;
			defaultConfigurationName = Release;
		};
		E5B0ED631F238B6B005D1A58 /* Build configuration list for PBXNativeTarget "Example_macOS" */ = {
			isa = XCConfigurationList;
			buildConfigurations = (
				E5B0ED641F238B6B005D1A58 /* Debug */,
				E5B0ED651F238B6B005D1A58 /* Release */,
			);
			defaultConfigurationIsVisible = 0;
			defaultConfigurationName = Release;
		};
		E5B0ED701F238B9D005D1A58 /* Build configuration list for PBXNativeTarget "SoundWaveFormTouch" */ = {
			isa = XCConfigurationList;
			buildConfigurations = (
				E5B0ED711F238B9D005D1A58 /* Debug */,
				E5B0ED721F238B9D005D1A58 /* Release */,
			);
			defaultConfigurationIsVisible = 0;
			defaultConfigurationName = Release;
		};
		E5B0ED861F238BB2005D1A58 /* Build configuration list for PBXNativeTarget "Example_iOS" */ = {
			isa = XCConfigurationList;
			buildConfigurations = (
				E5B0ED871F238BB2005D1A58 /* Debug */,
				E5B0ED881F238BB2005D1A58 /* Release */,
			);
			defaultConfigurationIsVisible = 0;
			defaultConfigurationName = Release;
		};
/* End XCConfigurationList section */
	};
	rootObject = E5B0ECEE1F238A40005D1A58 /* Project object */;
}
